// !$*UTF8*$!
{
	archiveVersion = 1;
	classes = {
	};
	objectVersion = 48;
	objects = {

/* Begin PBXBuildFile section */
		9A63FA9C1FC4753B00ED11A2 /* AppDelegate.swift in Sources */ = {isa = PBXBuildFile; fileRef = 9A63FA9B1FC4753B00ED11A2 /* AppDelegate.swift */; };
		9A63FA9E1FC4753B00ED11A2 /* ViewController.swift in Sources */ = {isa = PBXBuildFile; fileRef = 9A63FA9D1FC4753B00ED11A2 /* ViewController.swift */; };
		9A63FAA11FC4753B00ED11A2 /* Main.storyboard in Resources */ = {isa = PBXBuildFile; fileRef = 9A63FA9F1FC4753B00ED11A2 /* Main.storyboard */; };
		9A63FAA31FC4753B00ED11A2 /* Assets.xcassets in Resources */ = {isa = PBXBuildFile; fileRef = 9A63FAA21FC4753B00ED11A2 /* Assets.xcassets */; };
		9A63FAA61FC4753B00ED11A2 /* LaunchScreen.storyboard in Resources */ = {isa = PBXBuildFile; fileRef = 9A63FAA41FC4753B00ED11A2 /* LaunchScreen.storyboard */; };
		9A63FAB11FC4753B00ED11A2 /* MessageAppsTests.swift in Sources */ = {isa = PBXBuildFile; fileRef = 9A63FAB01FC4753B00ED11A2 /* MessageAppsTests.swift */; };
		9A63FABC1FC4753B00ED11A2 /* MessageAppsUITests.swift in Sources */ = {isa = PBXBuildFile; fileRef = 9A63FABB1FC4753B00ED11A2 /* MessageAppsUITests.swift */; };
		9A63FAD01FC475E800ED11A2 /* Messages.framework in Frameworks */ = {isa = PBXBuildFile; fileRef = 9A63FACF1FC475E800ED11A2 /* Messages.framework */; };
		9A63FAD31FC475E800ED11A2 /* MessagesViewController.swift in Sources */ = {isa = PBXBuildFile; fileRef = 9A63FAD21FC475E800ED11A2 /* MessagesViewController.swift */; };
		9A63FAD61FC475E800ED11A2 /* MainInterface.storyboard in Resources */ = {isa = PBXBuildFile; fileRef = 9A63FAD41FC475E800ED11A2 /* MainInterface.storyboard */; };
		9A63FAD81FC475E800ED11A2 /* Assets.xcassets in Resources */ = {isa = PBXBuildFile; fileRef = 9A63FAD71FC475E800ED11A2 /* Assets.xcassets */; };
		9A63FADC1FC475E800ED11A2 /* iMessageExt.appex in Embed App Extensions */ = {isa = PBXBuildFile; fileRef = 9A63FACD1FC475E800ED11A2 /* iMessageExt.appex */; settings = {ATTRIBUTES = (RemoveHeadersOnCopy, ); }; };
		9A63FAE21FC478DA00ED11A2 /* logo-bango.png in Resources */ = {isa = PBXBuildFile; fileRef = 9A63FAE11FC478DA00ED11A2 /* logo-bango.png */; };
		9A63FAE31FC478DA00ED11A2 /* logo-bango.png in Resources */ = {isa = PBXBuildFile; fileRef = 9A63FAE11FC478DA00ED11A2 /* logo-bango.png */; };
/* End PBXBuildFile section */

/* Begin PBXContainerItemProxy section */
		9A63FAAD1FC4753B00ED11A2 /* PBXContainerItemProxy */ = {
			isa = PBXContainerItemProxy;
			containerPortal = 9A63FA901FC4753A00ED11A2 /* Project object */;
			proxyType = 1;
			remoteGlobalIDString = 9A63FA971FC4753B00ED11A2;
			remoteInfo = MessageApps;
		};
		9A63FAB81FC4753B00ED11A2 /* PBXContainerItemProxy */ = {
			isa = PBXContainerItemProxy;
			containerPortal = 9A63FA901FC4753A00ED11A2 /* Project object */;
			proxyType = 1;
			remoteGlobalIDString = 9A63FA971FC4753B00ED11A2;
			remoteInfo = MessageApps;
		};
		9A63FADA1FC475E800ED11A2 /* PBXContainerItemProxy */ = {
			isa = PBXContainerItemProxy;
			containerPortal = 9A63FA901FC4753A00ED11A2 /* Project object */;
			proxyType = 1;
			remoteGlobalIDString = 9A63FACC1FC475E800ED11A2;
			remoteInfo = iMessageExt;
		};
/* End PBXContainerItemProxy section */

/* Begin PBXCopyFilesBuildPhase section */
		9A63FAE01FC475E800ED11A2 /* Embed App Extensions */ = {
			isa = PBXCopyFilesBuildPhase;
			buildActionMask = 2147483647;
			dstPath = "";
			dstSubfolderSpec = 13;
			files = (
				9A63FADC1FC475E800ED11A2 /* iMessageExt.appex in Embed App Extensions */,
			);
			name = "Embed App Extensions";
			runOnlyForDeploymentPostprocessing = 0;
		};
/* End PBXCopyFilesBuildPhase section */

/* Begin PBXFileReference section */
		9A63FA981FC4753B00ED11A2 /* MessageApps.app */ = {isa = PBXFileReference; explicitFileType = wrapper.application; includeInIndex = 0; path = MessageApps.app; sourceTree = BUILT_PRODUCTS_DIR; };
		9A63FA9B1FC4753B00ED11A2 /* AppDelegate.swift */ = {isa = PBXFileReference; lastKnownFileType = sourcecode.swift; path = AppDelegate.swift; sourceTree = "<group>"; };
		9A63FA9D1FC4753B00ED11A2 /* ViewController.swift */ = {isa = PBXFileReference; lastKnownFileType = sourcecode.swift; path = ViewController.swift; sourceTree = "<group>"; };
		9A63FAA01FC4753B00ED11A2 /* Base */ = {isa = PBXFileReference; lastKnownFileType = file.storyboard; name = Base; path = Base.lproj/Main.storyboard; sourceTree = "<group>"; };
		9A63FAA21FC4753B00ED11A2 /* Assets.xcassets */ = {isa = PBXFileReference; lastKnownFileType = folder.assetcatalog; path = Assets.xcassets; sourceTree = "<group>"; };
		9A63FAA51FC4753B00ED11A2 /* Base */ = {isa = PBXFileReference; lastKnownFileType = file.storyboard; name = Base; path = Base.lproj/LaunchScreen.storyboard; sourceTree = "<group>"; };
		9A63FAA71FC4753B00ED11A2 /* Info.plist */ = {isa = PBXFileReference; lastKnownFileType = text.plist.xml; path = Info.plist; sourceTree = "<group>"; };
		9A63FAAC1FC4753B00ED11A2 /* MessageAppsTests.xctest */ = {isa = PBXFileReference; explicitFileType = wrapper.cfbundle; includeInIndex = 0; path = MessageAppsTests.xctest; sourceTree = BUILT_PRODUCTS_DIR; };
		9A63FAB01FC4753B00ED11A2 /* MessageAppsTests.swift */ = {isa = PBXFileReference; lastKnownFileType = sourcecode.swift; path = MessageAppsTests.swift; sourceTree = "<group>"; };
		9A63FAB21FC4753B00ED11A2 /* Info.plist */ = {isa = PBXFileReference; lastKnownFileType = text.plist.xml; path = Info.plist; sourceTree = "<group>"; };
		9A63FAB71FC4753B00ED11A2 /* MessageAppsUITests.xctest */ = {isa = PBXFileReference; explicitFileType = wrapper.cfbundle; includeInIndex = 0; path = MessageAppsUITests.xctest; sourceTree = BUILT_PRODUCTS_DIR; };
		9A63FABB1FC4753B00ED11A2 /* MessageAppsUITests.swift */ = {isa = PBXFileReference; lastKnownFileType = sourcecode.swift; path = MessageAppsUITests.swift; sourceTree = "<group>"; };
		9A63FABD1FC4753B00ED11A2 /* Info.plist */ = {isa = PBXFileReference; lastKnownFileType = text.plist.xml; path = Info.plist; sourceTree = "<group>"; };
		9A63FACD1FC475E800ED11A2 /* iMessageExt.appex */ = {isa = PBXFileReference; explicitFileType = "wrapper.app-extension"; includeInIndex = 0; path = iMessageExt.appex; sourceTree = BUILT_PRODUCTS_DIR; };
		9A63FACF1FC475E800ED11A2 /* Messages.framework */ = {isa = PBXFileReference; lastKnownFileType = wrapper.framework; name = Messages.framework; path = System/Library/Frameworks/Messages.framework; sourceTree = SDKROOT; };
		9A63FAD21FC475E800ED11A2 /* MessagesViewController.swift */ = {isa = PBXFileReference; lastKnownFileType = sourcecode.swift; path = MessagesViewController.swift; sourceTree = "<group>"; };
		9A63FAD51FC475E800ED11A2 /* Base */ = {isa = PBXFileReference; lastKnownFileType = file.storyboard; name = Base; path = Base.lproj/MainInterface.storyboard; sourceTree = "<group>"; };
		9A63FAD71FC475E800ED11A2 /* Assets.xcassets */ = {isa = PBXFileReference; lastKnownFileType = folder.assetcatalog; path = Assets.xcassets; sourceTree = "<group>"; };
		9A63FAD91FC475E800ED11A2 /* Info.plist */ = {isa = PBXFileReference; lastKnownFileType = text.plist.xml; path = Info.plist; sourceTree = "<group>"; };
		9A63FAE11FC478DA00ED11A2 /* logo-bango.png */ = {isa = PBXFileReference; lastKnownFileType = image.png; path = "logo-bango.png"; sourceTree = "<group>"; };
/* End PBXFileReference section */

/* Begin PBXFrameworksBuildPhase section */
		9A63FA951FC4753B00ED11A2 /* Frameworks */ = {
			isa = PBXFrameworksBuildPhase;
			buildActionMask = 2147483647;
			files = (
			);
			runOnlyForDeploymentPostprocessing = 0;
		};
		9A63FAA91FC4753B00ED11A2 /* Frameworks */ = {
			isa = PBXFrameworksBuildPhase;
			buildActionMask = 2147483647;
			files = (
			);
			runOnlyForDeploymentPostprocessing = 0;
		};
		9A63FAB41FC4753B00ED11A2 /* Frameworks */ = {
			isa = PBXFrameworksBuildPhase;
			buildActionMask = 2147483647;
			files = (
			);
			runOnlyForDeploymentPostprocessing = 0;
		};
		9A63FACA1FC475E800ED11A2 /* Frameworks */ = {
			isa = PBXFrameworksBuildPhase;
			buildActionMask = 2147483647;
			files = (
				9A63FAD01FC475E800ED11A2 /* Messages.framework in Frameworks */,
			);
			runOnlyForDeploymentPostprocessing = 0;
		};
/* End PBXFrameworksBuildPhase section */

/* Begin PBXGroup section */
		9A63FA8F1FC4753A00ED11A2 = {
			isa = PBXGroup;
			children = (
				9A63FA9A1FC4753B00ED11A2 /* MessageApps */,
				9A63FAAF1FC4753B00ED11A2 /* MessageAppsTests */,
				9A63FABA1FC4753B00ED11A2 /* MessageAppsUITests */,
				9A63FAD11FC475E800ED11A2 /* iMessageExt */,
				9A63FACE1FC475E800ED11A2 /* Frameworks */,
				9A63FA991FC4753B00ED11A2 /* Products */,
			);
			sourceTree = "<group>";
		};
		9A63FA991FC4753B00ED11A2 /* Products */ = {
			isa = PBXGroup;
			children = (
				9A63FA981FC4753B00ED11A2 /* MessageApps.app */,
				9A63FAAC1FC4753B00ED11A2 /* MessageAppsTests.xctest */,
				9A63FAB71FC4753B00ED11A2 /* MessageAppsUITests.xctest */,
				9A63FACD1FC475E800ED11A2 /* iMessageExt.appex */,
			);
			name = Products;
			sourceTree = "<group>";
		};
		9A63FA9A1FC4753B00ED11A2 /* MessageApps */ = {
			isa = PBXGroup;
			children = (
				9A63FA9B1FC4753B00ED11A2 /* AppDelegate.swift */,
				9A63FA9D1FC4753B00ED11A2 /* ViewController.swift */,
				9A63FA9F1FC4753B00ED11A2 /* Main.storyboard */,
				9A63FAA21FC4753B00ED11A2 /* Assets.xcassets */,
				9A63FAA41FC4753B00ED11A2 /* LaunchScreen.storyboard */,
				9A63FAA71FC4753B00ED11A2 /* Info.plist */,
			);
			path = MessageApps;
			sourceTree = "<group>";
		};
		9A63FAAF1FC4753B00ED11A2 /* MessageAppsTests */ = {
			isa = PBXGroup;
			children = (
				9A63FAB01FC4753B00ED11A2 /* MessageAppsTests.swift */,
				9A63FAB21FC4753B00ED11A2 /* Info.plist */,
			);
			path = MessageAppsTests;
			sourceTree = "<group>";
		};
		9A63FABA1FC4753B00ED11A2 /* MessageAppsUITests */ = {
			isa = PBXGroup;
			children = (
				9A63FABB1FC4753B00ED11A2 /* MessageAppsUITests.swift */,
				9A63FABD1FC4753B00ED11A2 /* Info.plist */,
			);
			path = MessageAppsUITests;
			sourceTree = "<group>";
		};
		9A63FACE1FC475E800ED11A2 /* Frameworks */ = {
			isa = PBXGroup;
			children = (
				9A63FACF1FC475E800ED11A2 /* Messages.framework */,
			);
			name = Frameworks;
			sourceTree = "<group>";
		};
		9A63FAD11FC475E800ED11A2 /* iMessageExt */ = {
			isa = PBXGroup;
			children = (
				9A63FAD21FC475E800ED11A2 /* MessagesViewController.swift */,
				9A63FAD41FC475E800ED11A2 /* MainInterface.storyboard */,
				9A63FAE11FC478DA00ED11A2 /* logo-bango.png */,
				9A63FAD71FC475E800ED11A2 /* Assets.xcassets */,
				9A63FAD91FC475E800ED11A2 /* Info.plist */,
			);
			path = iMessageExt;
			sourceTree = "<group>";
		};
/* End PBXGroup section */

/* Begin PBXNativeTarget section */
		9A63FA971FC4753B00ED11A2 /* MessageApps */ = {
			isa = PBXNativeTarget;
			buildConfigurationList = 9A63FAC01FC4753B00ED11A2 /* Build configuration list for PBXNativeTarget "MessageApps" */;
			buildPhases = (
				9A63FA941FC4753B00ED11A2 /* Sources */,
				9A63FA951FC4753B00ED11A2 /* Frameworks */,
				9A63FA961FC4753B00ED11A2 /* Resources */,
				9A63FAE01FC475E800ED11A2 /* Embed App Extensions */,
			);
			buildRules = (
			);
			dependencies = (
				9A63FADB1FC475E800ED11A2 /* PBXTargetDependency */,
			);
			name = MessageApps;
			productName = MessageApps;
			productReference = 9A63FA981FC4753B00ED11A2 /* MessageApps.app */;
			productType = "com.apple.product-type.application";
		};
		9A63FAAB1FC4753B00ED11A2 /* MessageAppsTests */ = {
			isa = PBXNativeTarget;
			buildConfigurationList = 9A63FAC31FC4753B00ED11A2 /* Build configuration list for PBXNativeTarget "MessageAppsTests" */;
			buildPhases = (
				9A63FAA81FC4753B00ED11A2 /* Sources */,
				9A63FAA91FC4753B00ED11A2 /* Frameworks */,
				9A63FAAA1FC4753B00ED11A2 /* Resources */,
			);
			buildRules = (
			);
			dependencies = (
				9A63FAAE1FC4753B00ED11A2 /* PBXTargetDependency */,
			);
			name = MessageAppsTests;
			productName = MessageAppsTests;
			productReference = 9A63FAAC1FC4753B00ED11A2 /* MessageAppsTests.xctest */;
			productType = "com.apple.product-type.bundle.unit-test";
		};
		9A63FAB61FC4753B00ED11A2 /* MessageAppsUITests */ = {
			isa = PBXNativeTarget;
			buildConfigurationList = 9A63FAC61FC4753B00ED11A2 /* Build configuration list for PBXNativeTarget "MessageAppsUITests" */;
			buildPhases = (
				9A63FAB31FC4753B00ED11A2 /* Sources */,
				9A63FAB41FC4753B00ED11A2 /* Frameworks */,
				9A63FAB51FC4753B00ED11A2 /* Resources */,
			);
			buildRules = (
			);
			dependencies = (
				9A63FAB91FC4753B00ED11A2 /* PBXTargetDependency */,
			);
			name = MessageAppsUITests;
			productName = MessageAppsUITests;
			productReference = 9A63FAB71FC4753B00ED11A2 /* MessageAppsUITests.xctest */;
			productType = "com.apple.product-type.bundle.ui-testing";
		};
		9A63FACC1FC475E800ED11A2 /* iMessageExt */ = {
			isa = PBXNativeTarget;
			buildConfigurationList = 9A63FADD1FC475E800ED11A2 /* Build configuration list for PBXNativeTarget "iMessageExt" */;
			buildPhases = (
				9A63FAC91FC475E800ED11A2 /* Sources */,
				9A63FACA1FC475E800ED11A2 /* Frameworks */,
				9A63FACB1FC475E800ED11A2 /* Resources */,
			);
			buildRules = (
			);
			dependencies = (
			);
			name = iMessageExt;
			productName = iMessageExt;
			productReference = 9A63FACD1FC475E800ED11A2 /* iMessageExt.appex */;
			productType = "com.apple.product-type.app-extension.messages";
		};
/* End PBXNativeTarget section */

/* Begin PBXProject section */
		9A63FA901FC4753A00ED11A2 /* Project object */ = {
			isa = PBXProject;
			attributes = {
				LastSwiftUpdateCheck = 0900;
				LastUpgradeCheck = 0900;
				ORGANIZATIONNAME = "Rizki Syaputra";
				TargetAttributes = {
					9A63FA971FC4753B00ED11A2 = {
						CreatedOnToolsVersion = 9.0.1;
						ProvisioningStyle = Automatic;
					};
					9A63FAAB1FC4753B00ED11A2 = {
						CreatedOnToolsVersion = 9.0.1;
						ProvisioningStyle = Automatic;
						TestTargetID = 9A63FA971FC4753B00ED11A2;
					};
					9A63FAB61FC4753B00ED11A2 = {
						CreatedOnToolsVersion = 9.0.1;
						ProvisioningStyle = Automatic;
						TestTargetID = 9A63FA971FC4753B00ED11A2;
					};
					9A63FACC1FC475E800ED11A2 = {
						CreatedOnToolsVersion = 9.0.1;
						ProvisioningStyle = Automatic;
					};
				};
			};
			buildConfigurationList = 9A63FA931FC4753A00ED11A2 /* Build configuration list for PBXProject "MessageApps" */;
			compatibilityVersion = "Xcode 8.0";
			developmentRegion = en;
			hasScannedForEncodings = 0;
			knownRegions = (
				en,
				Base,
			);
			mainGroup = 9A63FA8F1FC4753A00ED11A2;
			productRefGroup = 9A63FA991FC4753B00ED11A2 /* Products */;
			projectDirPath = "";
			projectRoot = "";
			targets = (
				9A63FA971FC4753B00ED11A2 /* MessageApps */,
				9A63FAAB1FC4753B00ED11A2 /* MessageAppsTests */,
				9A63FAB61FC4753B00ED11A2 /* MessageAppsUITests */,
				9A63FACC1FC475E800ED11A2 /* iMessageExt */,
			);
		};
/* End PBXProject section */

/* Begin PBXResourcesBuildPhase section */
		9A63FA961FC4753B00ED11A2 /* Resources */ = {
			isa = PBXResourcesBuildPhase;
			buildActionMask = 2147483647;
			files = (
				9A63FAA61FC4753B00ED11A2 /* LaunchScreen.storyboard in Resources */,
				9A63FAA31FC4753B00ED11A2 /* Assets.xcassets in Resources */,
				9A63FAE21FC478DA00ED11A2 /* logo-bango.png in Resources */,
				9A63FAA11FC4753B00ED11A2 /* Main.storyboard in Resources */,
			);
			runOnlyForDeploymentPostprocessing = 0;
		};
		9A63FAAA1FC4753B00ED11A2 /* Resources */ = {
			isa = PBXResourcesBuildPhase;
			buildActionMask = 2147483647;
			files = (
			);
			runOnlyForDeploymentPostprocessing = 0;
		};
		9A63FAB51FC4753B00ED11A2 /* Resources */ = {
			isa = PBXResourcesBuildPhase;
			buildActionMask = 2147483647;
			files = (
			);
			runOnlyForDeploymentPostprocessing = 0;
		};
		9A63FACB1FC475E800ED11A2 /* Resources */ = {
			isa = PBXResourcesBuildPhase;
			buildActionMask = 2147483647;
			files = (
				9A63FAD81FC475E800ED11A2 /* Assets.xcassets in Resources */,
				9A63FAD61FC475E800ED11A2 /* MainInterface.storyboard in Resources */,
				9A63FAE31FC478DA00ED11A2 /* logo-bango.png in Resources */,
			);
			runOnlyForDeploymentPostprocessing = 0;
		};
/* End PBXResourcesBuildPhase section */

/* Begin PBXSourcesBuildPhase section */
		9A63FA941FC4753B00ED11A2 /* Sources */ = {
			isa = PBXSourcesBuildPhase;
			buildActionMask = 2147483647;
			files = (
				9A63FA9E1FC4753B00ED11A2 /* ViewController.swift in Sources */,
				9A63FA9C1FC4753B00ED11A2 /* AppDelegate.swift in Sources */,
			);
			runOnlyForDeploymentPostprocessing = 0;
		};
		9A63FAA81FC4753B00ED11A2 /* Sources */ = {
			isa = PBXSourcesBuildPhase;
			buildActionMask = 2147483647;
			files = (
				9A63FAB11FC4753B00ED11A2 /* MessageAppsTests.swift in Sources */,
			);
			runOnlyForDeploymentPostprocessing = 0;
		};
		9A63FAB31FC4753B00ED11A2 /* Sources */ = {
			isa = PBXSourcesBuildPhase;
			buildActionMask = 2147483647;
			files = (
				9A63FABC1FC4753B00ED11A2 /* MessageAppsUITests.swift in Sources */,
			);
			runOnlyForDeploymentPostprocessing = 0;
		};
		9A63FAC91FC475E800ED11A2 /* Sources */ = {
			isa = PBXSourcesBuildPhase;
			buildActionMask = 2147483647;
			files = (
				9A63FAD31FC475E800ED11A2 /* MessagesViewController.swift in Sources */,
			);
			runOnlyForDeploymentPostprocessing = 0;
		};
/* End PBXSourcesBuildPhase section */

/* Begin PBXTargetDependency section */
		9A63FAAE1FC4753B00ED11A2 /* PBXTargetDependency */ = {
			isa = PBXTargetDependency;
			target = 9A63FA971FC4753B00ED11A2 /* MessageApps */;
			targetProxy = 9A63FAAD1FC4753B00ED11A2 /* PBXContainerItemProxy */;
		};
		9A63FAB91FC4753B00ED11A2 /* PBXTargetDependency */ = {
			isa = PBXTargetDependency;
			target = 9A63FA971FC4753B00ED11A2 /* MessageApps */;
			targetProxy = 9A63FAB81FC4753B00ED11A2 /* PBXContainerItemProxy */;
		};
		9A63FADB1FC475E800ED11A2 /* PBXTargetDependency */ = {
			isa = PBXTargetDependency;
			target = 9A63FACC1FC475E800ED11A2 /* iMessageExt */;
			targetProxy = 9A63FADA1FC475E800ED11A2 /* PBXContainerItemProxy */;
		};
/* End PBXTargetDependency section */

/* Begin PBXVariantGroup section */
		9A63FA9F1FC4753B00ED11A2 /* Main.storyboard */ = {
			isa = PBXVariantGroup;
			children = (
				9A63FAA01FC4753B00ED11A2 /* Base */,
			);
			name = Main.storyboard;
			sourceTree = "<group>";
		};
		9A63FAA41FC4753B00ED11A2 /* LaunchScreen.storyboard */ = {
			isa = PBXVariantGroup;
			children = (
				9A63FAA51FC4753B00ED11A2 /* Base */,
			);
			name = LaunchScreen.storyboard;
			sourceTree = "<group>";
		};
		9A63FAD41FC475E800ED11A2 /* MainInterface.storyboard */ = {
			isa = PBXVariantGroup;
			children = (
				9A63FAD51FC475E800ED11A2 /* Base */,
			);
			name = MainInterface.storyboard;
			sourceTree = "<group>";
		};
/* End PBXVariantGroup section */

/* Begin XCBuildConfiguration section */
		9A63FABE1FC4753B00ED11A2 /* Debug */ = {
			isa = XCBuildConfiguration;
			buildSettings = {
				ALWAYS_SEARCH_USER_PATHS = NO;
				CLANG_ANALYZER_NONNULL = YES;
				CLANG_ANALYZER_NUMBER_OBJECT_CONVERSION = YES_AGGRESSIVE;
				CLANG_CXX_LANGUAGE_STANDARD = "gnu++14";
				CLANG_CXX_LIBRARY = "libc++";
				CLANG_ENABLE_MODULES = YES;
				CLANG_ENABLE_OBJC_ARC = YES;
				CLANG_WARN_BLOCK_CAPTURE_AUTORELEASING = YES;
				CLANG_WARN_BOOL_CONVERSION = YES;
				CLANG_WARN_COMMA = YES;
				CLANG_WARN_CONSTANT_CONVERSION = YES;
				CLANG_WARN_DIRECT_OBJC_ISA_USAGE = YES_ERROR;
				CLANG_WARN_DOCUMENTATION_COMMENTS = YES;
				CLANG_WARN_EMPTY_BODY = YES;
				CLANG_WARN_ENUM_CONVERSION = YES;
				CLANG_WARN_INFINITE_RECURSION = YES;
				CLANG_WARN_INT_CONVERSION = YES;
				CLANG_WARN_NON_LITERAL_NULL_CONVERSION = YES;
				CLANG_WARN_OBJC_LITERAL_CONVERSION = YES;
				CLANG_WARN_OBJC_ROOT_CLASS = YES_ERROR;
				CLANG_WARN_RANGE_LOOP_ANALYSIS = YES;
				CLANG_WARN_STRICT_PROTOTYPES = YES;
				CLANG_WARN_SUSPICIOUS_MOVE = YES;
				CLANG_WARN_UNGUARDED_AVAILABILITY = YES_AGGRESSIVE;
				CLANG_WARN_UNREACHABLE_CODE = YES;
				CLANG_WARN__DUPLICATE_METHOD_MATCH = YES;
				CODE_SIGN_IDENTITY = "iPhone Developer";
				COPY_PHASE_STRIP = NO;
				DEBUG_INFORMATION_FORMAT = dwarf;
				ENABLE_STRICT_OBJC_MSGSEND = YES;
				ENABLE_TESTABILITY = YES;
				GCC_C_LANGUAGE_STANDARD = gnu11;
				GCC_DYNAMIC_NO_PIC = NO;
				GCC_NO_COMMON_BLOCKS = YES;
				GCC_OPTIMIZATION_LEVEL = 0;
				GCC_PREPROCESSOR_DEFINITIONS = (
					"DEBUG=1",
					"$(inherited)",
				);
				GCC_WARN_64_TO_32_BIT_CONVERSION = YES;
				GCC_WARN_ABOUT_RETURN_TYPE = YES_ERROR;
				GCC_WARN_UNDECLARED_SELECTOR = YES;
				GCC_WARN_UNINITIALIZED_AUTOS = YES_AGGRESSIVE;
				GCC_WARN_UNUSED_FUNCTION = YES;
				GCC_WARN_UNUSED_VARIABLE = YES;
				IPHONEOS_DEPLOYMENT_TARGET = 11.0;
				MTL_ENABLE_DEBUG_INFO = YES;
				ONLY_ACTIVE_ARCH = YES;
				SDKROOT = iphoneos;
				SWIFT_ACTIVE_COMPILATION_CONDITIONS = DEBUG;
				SWIFT_OPTIMIZATION_LEVEL = "-Onone";
			};
			name = Debug;
		};
		9A63FABF1FC4753B00ED11A2 /* Release */ = {
			isa = XCBuildConfiguration;
			buildSettings = {
				ALWAYS_SEARCH_USER_PATHS = NO;
				CLANG_ANALYZER_NONNULL = YES;
				CLANG_ANALYZER_NUMBER_OBJECT_CONVERSION = YES_AGGRESSIVE;
				CLANG_CXX_LANGUAGE_STANDARD = "gnu++14";
				CLANG_CXX_LIBRARY = "libc++";
				CLANG_ENABLE_MODULES = YES;
				CLANG_ENABLE_OBJC_ARC = YES;
				CLANG_WARN_BLOCK_CAPTURE_AUTORELEASING = YES;
				CLANG_WARN_BOOL_CONVERSION = YES;
				CLANG_WARN_COMMA = YES;
				CLANG_WARN_CONSTANT_CONVERSION = YES;
				CLANG_WARN_DIRECT_OBJC_ISA_USAGE = YES_ERROR;
				CLANG_WARN_DOCUMENTATION_COMMENTS = YES;
				CLANG_WARN_EMPTY_BODY = YES;
				CLANG_WARN_ENUM_CONVERSION = YES;
				CLANG_WARN_INFINITE_RECURSION = YES;
				CLANG_WARN_INT_CONVERSION = YES;
				CLANG_WARN_NON_LITERAL_NULL_CONVERSION = YES;
				CLANG_WARN_OBJC_LITERAL_CONVERSION = YES;
				CLANG_WARN_OBJC_ROOT_CLASS = YES_ERROR;
				CLANG_WARN_RANGE_LOOP_ANALYSIS = YES;
				CLANG_WARN_STRICT_PROTOTYPES = YES;
				CLANG_WARN_SUSPICIOUS_MOVE = YES;
				CLANG_WARN_UNGUARDED_AVAILABILITY = YES_AGGRESSIVE;
				CLANG_WARN_UNREACHABLE_CODE = YES;
				CLANG_WARN__DUPLICATE_METHOD_MATCH = YES;
				CODE_SIGN_IDENTITY = "iPhone Developer";
				COPY_PHASE_STRIP = NO;
				DEBUG_INFORMATION_FORMAT = "dwarf-with-dsym";
				ENABLE_NS_ASSERTIONS = NO;
				ENABLE_STRICT_OBJC_MSGSEND = YES;
				GCC_C_LANGUAGE_STANDARD = gnu11;
				GCC_NO_COMMON_BLOCKS = YES;
				GCC_WARN_64_TO_32_BIT_CONVERSION = YES;
				GCC_WARN_ABOUT_RETURN_TYPE = YES_ERROR;
				GCC_WARN_UNDECLARED_SELECTOR = YES;
				GCC_WARN_UNINITIALIZED_AUTOS = YES_AGGRESSIVE;
				GCC_WARN_UNUSED_FUNCTION = YES;
				GCC_WARN_UNUSED_VARIABLE = YES;
				IPHONEOS_DEPLOYMENT_TARGET = 11.0;
				MTL_ENABLE_DEBUG_INFO = NO;
				SDKROOT = iphoneos;
				SWIFT_OPTIMIZATION_LEVEL = "-Owholemodule";
				VALIDATE_PRODUCT = YES;
			};
			name = Release;
		};
		9A63FAC11FC4753B00ED11A2 /* Debug */ = {
			isa = XCBuildConfiguration;
			buildSettings = {
				ALWAYS_EMBED_SWIFT_STANDARD_LIBRARIES = YES;
				ASSETCATALOG_COMPILER_APPICON_NAME = AppIcon;
				CODE_SIGN_STYLE = Automatic;
				DEVELOPMENT_TEAM = QN236W67X5;
				INFOPLIST_FILE = MessageApps/Info.plist;
				LD_RUNPATH_SEARCH_PATHS = "$(inherited) @executable_path/Frameworks";
				PRODUCT_BUNDLE_IDENTIFIER = programmermuslim.MessageApps;
				PRODUCT_NAME = "$(TARGET_NAME)";
				SWIFT_VERSION = 4.0;
				TARGETED_DEVICE_FAMILY = "1,2";
			};
			name = Debug;
		};
		9A63FAC21FC4753B00ED11A2 /* Release */ = {
			isa = XCBuildConfiguration;
			buildSettings = {
				ALWAYS_EMBED_SWIFT_STANDARD_LIBRARIES = YES;
				ASSETCATALOG_COMPILER_APPICON_NAME = AppIcon;
				CODE_SIGN_STYLE = Automatic;
				DEVELOPMENT_TEAM = QN236W67X5;
				INFOPLIST_FILE = MessageApps/Info.plist;
				LD_RUNPATH_SEARCH_PATHS = "$(inherited) @executable_path/Frameworks";
				PRODUCT_BUNDLE_IDENTIFIER = programmermuslim.MessageApps;
				PRODUCT_NAME = "$(TARGET_NAME)";
				SWIFT_VERSION = 4.0;
				TARGETED_DEVICE_FAMILY = "1,2";
			};
			name = Release;
		};
		9A63FAC41FC4753B00ED11A2 /* Debug */ = {
			isa = XCBuildConfiguration;
			buildSettings = {
				ALWAYS_EMBED_SWIFT_STANDARD_LIBRARIES = YES;
				BUNDLE_LOADER = "$(TEST_HOST)";
				CODE_SIGN_STYLE = Automatic;
				DEVELOPMENT_TEAM = QN236W67X5;
				INFOPLIST_FILE = MessageAppsTests/Info.plist;
				LD_RUNPATH_SEARCH_PATHS = "$(inherited) @executable_path/Frameworks @loader_path/Frameworks";
				PRODUCT_BUNDLE_IDENTIFIER = programmermuslim.MessageAppsTests;
				PRODUCT_NAME = "$(TARGET_NAME)";
				SWIFT_VERSION = 4.0;
				TARGETED_DEVICE_FAMILY = "1,2";
				TEST_HOST = "$(BUILT_PRODUCTS_DIR)/MessageApps.app/MessageApps";
			};
			name = Debug;
		};
		9A63FAC51FC4753B00ED11A2 /* Release */ = {
			isa = XCBuildConfiguration;
			buildSettings = {
				ALWAYS_EMBED_SWIFT_STANDARD_LIBRARIES = YES;
				BUNDLE_LOADER = "$(TEST_HOST)";
				CODE_SIGN_STYLE = Automatic;
				DEVELOPMENT_TEAM = QN236W67X5;
				INFOPLIST_FILE = MessageAppsTests/Info.plist;
				LD_RUNPATH_SEARCH_PATHS = "$(inherited) @executable_path/Frameworks @loader_path/Frameworks";
				PRODUCT_BUNDLE_IDENTIFIER = programmermuslim.MessageAppsTests;
				PRODUCT_NAME = "$(TARGET_NAME)";
				SWIFT_VERSION = 4.0;
				TARGETED_DEVICE_FAMILY = "1,2";
				TEST_HOST = "$(BUILT_PRODUCTS_DIR)/MessageApps.app/MessageApps";
			};
			name = Release;
		};
		9A63FAC71FC4753B00ED11A2 /* Debug */ = {
			isa = XCBuildConfiguration;
			buildSettings = {
				ALWAYS_EMBED_SWIFT_STANDARD_LIBRARIES = YES;
				CODE_SIGN_STYLE = Automatic;
				DEVELOPMENT_TEAM = QN236W67X5;
				INFOPLIST_FILE = MessageAppsUITests/Info.plist;
				LD_RUNPATH_SEARCH_PATHS = "$(inherited) @executable_path/Frameworks @loader_path/Frameworks";
				PRODUCT_BUNDLE_IDENTIFIER = programmermuslim.MessageAppsUITests;
				PRODUCT_NAME = "$(TARGET_NAME)";
				SWIFT_VERSION = 4.0;
				TARGETED_DEVICE_FAMILY = "1,2";
				TEST_TARGET_NAME = MessageApps;
			};
			name = Debug;
		};
		9A63FAC81FC4753B00ED11A2 /* Release */ = {
			isa = XCBuildConfiguration;
			buildSettings = {
				ALWAYS_EMBED_SWIFT_STANDARD_LIBRARIES = YES;
				CODE_SIGN_STYLE = Automatic;
				DEVELOPMENT_TEAM = QN236W67X5;
				INFOPLIST_FILE = MessageAppsUITests/Info.plist;
				LD_RUNPATH_SEARCH_PATHS = "$(inherited) @executable_path/Frameworks @loader_path/Frameworks";
				PRODUCT_BUNDLE_IDENTIFIER = programmermuslim.MessageAppsUITests;
				PRODUCT_NAME = "$(TARGET_NAME)";
				SWIFT_VERSION = 4.0;
				TARGETED_DEVICE_FAMILY = "1,2";
				TEST_TARGET_NAME = MessageApps;
			};
			name = Release;
		};
		9A63FADE1FC475E800ED11A2 /* Debug */ = {
			isa = XCBuildConfiguration;
			buildSettings = {
				ASSETCATALOG_COMPILER_APPICON_NAME = "iMessage App Icon";
				CODE_SIGN_STYLE = Automatic;
				DEVELOPMENT_TEAM = QN236W67X5;
				INFOPLIST_FILE = iMessageExt/Info.plist;
				LD_RUNPATH_SEARCH_PATHS = "$(inherited) @executable_path/Frameworks @executable_path/../../Frameworks";
				PRODUCT_BUNDLE_IDENTIFIER = programmermuslim.MessageApps.iMessageExt;
				PRODUCT_NAME = "$(TARGET_NAME)";
				SKIP_INSTALL = YES;
				SWIFT_VERSION = 4.0;
				TARGETED_DEVICE_FAMILY = "1,2";
			};
			name = Debug;
		};
		9A63FADF1FC475E800ED11A2 /* Release */ = {
			isa = XCBuildConfiguration;
			buildSettings = {
				ASSETCATALOG_COMPILER_APPICON_NAME = "iMessage App Icon";
				CODE_SIGN_STYLE = Automatic;
				DEVELOPMENT_TEAM = QN236W67X5;
				INFOPLIST_FILE = iMessageExt/Info.plist;
				LD_RUNPATH_SEARCH_PATHS = "$(inherited) @executable_path/Frameworks @executable_path/../../Frameworks";
				PRODUCT_BUNDLE_IDENTIFIER = programmermuslim.MessageApps.iMessageExt;
				PRODUCT_NAME = "$(TARGET_NAME)";
				SKIP_INSTALL = YES;
				SWIFT_VERSION = 4.0;
				TARGETED_DEVICE_FAMILY = "1,2";
			};
			name = Release;
		};
/* End XCBuildConfiguration section */

/* Begin XCConfigurationList section */
		9A63FA931FC4753A00ED11A2 /* Build configuration list for PBXProject "MessageApps" */ = {
			isa = XCConfigurationList;
			buildConfigurations = (
				9A63FABE1FC4753B00ED11A2 /* Debug */,
				9A63FABF1FC4753B00ED11A2 /* Release */,
			);
			defaultConfigurationIsVisible = 0;
			defaultConfigurationName = Release;
		};
		9A63FAC01FC4753B00ED11A2 /* Build configuration list for PBXNativeTarget "MessageApps" */ = {
			isa = XCConfigurationList;
			buildConfigurations = (
				9A63FAC11FC4753B00ED11A2 /* Debug */,
				9A63FAC21FC4753B00ED11A2 /* Release */,
			);
			defaultConfigurationIsVisible = 0;
			defaultConfigurationName = Release;
		};
		9A63FAC31FC4753B00ED11A2 /* Build configuration list for PBXNativeTarget "MessageAppsTests" */ = {
			isa = XCConfigurationList;
			buildConfigurations = (
				9A63FAC41FC4753B00ED11A2 /* Debug */,
				9A63FAC51FC4753B00ED11A2 /* Release */,
			);
			defaultConfigurationIsVisible = 0;
			defaultConfigurationName = Release;
		};
		9A63FAC61FC4753B00ED11A2 /* Build configuration list for PBXNativeTarget "MessageAppsUITests" */ = {
			isa = XCConfigurationList;
			buildConfigurations = (
				9A63FAC71FC4753B00ED11A2 /* Debug */,
				9A63FAC81FC4753B00ED11A2 /* Release */,
			);
			defaultConfigurationIsVisible = 0;
			defaultConfigurationName = Release;
		};
		9A63FADD1FC475E800ED11A2 /* Build configuration list for PBXNativeTarget "iMessageExt" */ = {
			isa = XCConfigurationList;
			buildConfigurations = (
				9A63FADE1FC475E800ED11A2 /* Debug */,
				9A63FADF1FC475E800ED11A2 /* Release */,
			);
			defaultConfigurationIsVisible = 0;
			defaultConfigurationName = Release;
		};
/* End XCConfigurationList section */
	};
	rootObject = 9A63FA901FC4753A00ED11A2 /* Project object */;
}
